Microsoft Visual Studio Solution File, Format Version 12.00
# Visual Studio 2012
Project("{FAE04EC0-301F-11D3-BF4B-00C04F79EFBC}") = "Creo Drift The Game", "Creo Drift The Game.csproj", "{477ED0F6-027F-43B2-BFF6-49AE65D7C271}"
EndProject
Global
	GlobalSection(SolutionConfigurationPlatforms) = preSolution
	Debug|Any CPU = Debug|Any CPU
	ExportDebug|Any CPU = ExportDebug|Any CPU
	ExportRelease|Any CPU = ExportRelease|Any CPU
	EndGlobalSection
	GlobalSection(ProjectConfigurationPlatforms) = postSolution
		{477ED0F6-027F-43B2-BFF6-49AE65D7C271}.Debug|Any CPU.ActiveCfg = Debug|Any CPU
		{477ED0F6-027F-43B2-BFF6-49AE65D7C271}.Debug|Any CPU.Build.0 = Debug|Any CPU
		{477ED0F6-027F-43B2-BFF6-49AE65D7C271}.ExportDebug|Any CPU.ActiveCfg = ExportDebug|Any CPU
		{477ED0F6-027F-43B2-BFF6-49AE65D7C271}.ExportDebug|Any CPU.Build.0 = ExportDebug|Any CPU
		{477ED0F6-027F-43B2-BFF6-49AE65D7C271}.ExportRelease|Any CPU.ActiveCfg = ExportRelease|Any CPU
		{477ED0F6-027F-43B2-BFF6-49AE65D7C271}.ExportRelease|Any CPU.Build.0 = ExportRelease|Any CPU
	EndGlobalSection
EndGlobal
